
Microsoft Visual Studio Solution File, Format Version 12.00
# Visual Studio Version 17
VisualStudioVersion = 17.7.34018.315
MinimumVisualStudioVersion = 10.0.40219.1
Project("{FAE04EC0-301F-11D3-BF4B-00C04F79EFBC}") = "Vila", "Vila\Vila.csproj", "{4219EDEC-E1F0-4E75-9BE0-97B63FAC093F}"
EndProject
Global
	GlobalSection(SolutionConfigurationPlatforms) = preSolution
		Debug|Any CPU = Debug|Any CPU
		Release|Any CPU = Release|Any CPU
	EndGlobalSection
	GlobalSection(ProjectConfigurationPlatforms) = postSolution
		{4219EDEC-E1F0-4E75-9BE0-97B63FAC093F}.Debug|Any CPU.ActiveCfg = Debug|Any CPU
		{4219EDEC-E1F0-4E75-9BE0-97B63FAC093F}.Debug|Any CPU.Build.0 = Debug|Any CPU
		{4219EDEC-E1F0-4E75-9BE0-97B63FAC093F}.Release|Any CPU.ActiveCfg = Release|Any CPU
		{4219EDEC-E1F0-4E75-9BE0-97B63FAC093F}.Release|Any CPU.Build.0 = Release|Any CPU
	EndGlobalSection
	GlobalSection(SolutionProperties) = preSolution
		HideSolutionNode = FALSE
	EndGlobalSection
	GlobalSection(ExtensibilityGlobals) = postSolution
		SolutionGuid = {A79269E8-3239-4FAC-861A-AC07CE3DF36E}
	EndGlobalSection
EndGlobal
